
Microsoft Visual Studio Solution File, Format Version 12.00
# Visual Studio Version 17
VisualStudioVersion = 17.5.002.0
MinimumVisualStudioVersion = 10.0.40219.1
Project("{9A19103F-16F7-4668-BE54-9A1E7A4F7556}") = "Backend", "Backend.csproj", "{83C9DB9A-BA6E-433C-8705-098F7805E001}"
EndProject
Global
	GlobalSection(SolutionConfigurationPlatforms) = preSolution
		Debug|Any CPU = Debug|Any CPU
		Release|Any CPU = Release|Any CPU
	EndGlobalSection
	GlobalSection(ProjectConfigurationPlatforms) = postSolution
		{83C9DB9A-BA6E-433C-8705-098F7805E001}.Debug|Any CPU.ActiveCfg = Debug|Any CPU
		{83C9DB9A-BA6E-433C-8705-098F7805E001}.Debug|Any CPU.Build.0 = Debug|Any CPU
		{83C9DB9A-BA6E-433C-8705-098F7805E001}.Release|Any CPU.ActiveCfg = Release|Any CPU
		{83C9DB9A-BA6E-433C-8705-098F7805E001}.Release|Any CPU.Build.0 = Release|Any CPU
	EndGlobalSection
	GlobalSection(SolutionProperties) = preSolution
		HideSolutionNode = FALSE
	EndGlobalSection
	GlobalSection(ExtensibilityGlobals) = postSolution
		SolutionGuid = {889B1A51-C9BD-4E55-A0B2-72E2A880C1BE}
	EndGlobalSection
EndGlobal
